
Microsoft Visual Studio Solution File, Format Version 12.00
# Visual Studio Version 17
VisualStudioVersion = 17.5.33502.453
MinimumVisualStudioVersion = 10.0.40219.1
Project("{FAE04EC0-301F-11D3-BF4B-00C04F79EFBC}") = "MovieTicket.PL", "MovieTicket.PL\MovieTicket.PL.csproj", "{B570B68A-1FC4-4A10-A5BA-156FC8F7DE54}"
EndProject
Project("{FAE04EC0-301F-11D3-BF4B-00C04F79EFBC}") = "MovieTicket.DAL", "MovieTicket.DAL\MovieTicket.DAL.csproj", "{820F43AA-4023-4C8F-960E-643A73277E3F}"
EndProject
Project("{FAE04EC0-301F-11D3-BF4B-00C04F79EFBC}") = "MovieTicket.BLL", "MovieTicket.BLL\MovieTicket.BLL.csproj", "{DC0F77AA-AB0A-41B5-9E94-AF8894FC4BF1}"
EndProject
Global
	GlobalSection(SolutionConfigurationPlatforms) = preSolution
		Debug|Any CPU = Debug|Any CPU
		Release|Any CPU = Release|Any CPU
	EndGlobalSection
	GlobalSection(ProjectConfigurationPlatforms) = postSolution
		{B570B68A-1FC4-4A10-A5BA-156FC8F7DE54}.Debug|Any CPU.ActiveCfg = Debug|Any CPU
		{B570B68A-1FC4-4A10-A5BA-156FC8F7DE54}.Debug|Any CPU.Build.0 = Debug|Any CPU
		{B570B68A-1FC4-4A10-A5BA-156FC8F7DE54}.Release|Any CPU.ActiveCfg = Release|Any CPU
		{B570B68A-1FC4-4A10-A5BA-156FC8F7DE54}.Release|Any CPU.Build.0 = Release|Any CPU
		{820F43AA-4023-4C8F-960E-643A73277E3F}.Debug|Any CPU.ActiveCfg = Debug|Any CPU
		{820F43AA-4023-4C8F-960E-643A73277E3F}.Debug|Any CPU.Build.0 = Debug|Any CPU
		{820F43AA-4023-4C8F-960E-643A73277E3F}.Release|Any CPU.ActiveCfg = Release|Any CPU
		{820F43AA-4023-4C8F-960E-643A73277E3F}.Release|Any CPU.Build.0 = Release|Any CPU
		{DC0F77AA-AB0A-41B5-9E94-AF8894FC4BF1}.Debug|Any CPU.ActiveCfg = Debug|Any CPU
		{DC0F77AA-AB0A-41B5-9E94-AF8894FC4BF1}.Debug|Any CPU.Build.0 = Debug|Any CPU
		{DC0F77AA-AB0A-41B5-9E94-AF8894FC4BF1}.Release|Any CPU.ActiveCfg = Release|Any CPU
		{DC0F77AA-AB0A-41B5-9E94-AF8894FC4BF1}.Release|Any CPU.Build.0 = Release|Any CPU
	EndGlobalSection
	GlobalSection(SolutionProperties) = preSolution
		HideSolutionNode = FALSE
	EndGlobalSection
	GlobalSection(ExtensibilityGlobals) = postSolution
		SolutionGuid = {828BC6B4-E729-4281-9296-A4D60206EF2B}
	EndGlobalSection
EndGlobal
